{
  "name": "actions",
  "lockfileVersion": 3,
  "requires": true,
  "packages": {
    "": {
      "workspaces": [
        "deploy"
      ],
      "dependencies": {
        "@scaleway/sdk": "^3.1.4"
      }
    },
    "delete-container": {
      "extraneous": true,
      "dependencies": {
        "@actions/core": "^1.10.1",
        "@actions/github": "^6.0.1",
        "@local/shared": "*"
      },
      "devDependencies": {
        "@vercel/ncc": "^0.38.1",
        "typescript": "^5.0.0"
      }
    },
    "deploy": {
      "dependencies": {
        "@actions/core": "^1.10.1",
        "@actions/github": "^6.0.1"
      },
      "devDependencies": {
        "@types/node": "^25.0.3",
        "@vercel/ncc": "^0.38.1",
        "typescript": "^5.0.0"
      }
    },
    "get-available-port": {
      "extraneous": true,
      "dependencies": {
        "@actions/core": "^1.10.1",
        "@actions/github": "^6.0.1",
        "@local/shared": "*"
      },
      "devDependencies": {
        "@vercel/ncc": "^0.38.1",
        "typescript": "^5.0.0"
      }
    },
    "node_modules/@actions/core": {
      "version": "1.11.1",
      "resolved": "https://registry.npmjs.org/@actions/core/-/core-1.11.1.tgz",
      "integrity": "sha512-hXJCSrkwfA46Vd9Z3q4cpEpHB1rL5NG04+/rbqW9d3+CSvtB1tYe8UTpAlixa1vj0m/ULglfEK2UKxMGxCxv5A==",
      "license": "MIT",
      "dependencies": {
        "@actions/exec": "^1.1.1",
        "@actions/http-client": "^2.0.1"
      }
    },
    "node_modules/@actions/exec": {
      "version": "1.1.1",
      "resolved": "https://registry.npmjs.org/@actions/exec/-/exec-1.1.1.tgz",
      "integrity": "sha512-+sCcHHbVdk93a0XT19ECtO/gIXoxvdsgQLzb2fE2/5sIZmWQuluYyjPQtrtTHdU1YzTZ7bAPN4sITq2xi1679w==",
      "license": "MIT",
      "dependencies": {
        "@actions/io": "^1.0.1"
      }
    },
    "node_modules/@actions/github": {
      "version": "6.0.1",
      "resolved": "https://registry.npmjs.org/@actions/github/-/github-6.0.1.tgz",
      "integrity": "sha512-xbZVcaqD4XnQAe35qSQqskb3SqIAfRyLBrHMd/8TuL7hJSz2QtbDwnNM8zWx4zO5l2fnGtseNE3MbEvD7BxVMw==",
      "license": "MIT",
      "dependencies": {
        "@actions/http-client": "^2.2.0",
        "@octokit/core": "^5.0.1",
        "@octokit/plugin-paginate-rest": "^9.2.2",
        "@octokit/plugin-rest-endpoint-methods": "^10.4.0",
        "@octokit/request": "^8.4.1",
        "@octokit/request-error": "^5.1.1",
        "undici": "^5.28.5"
      }
    },
    "node_modules/@actions/http-client": {
      "version": "2.2.3",
      "resolved": "https://registry.npmjs.org/@actions/http-client/-/http-client-2.2.3.tgz",
      "integrity": "sha512-mx8hyJi/hjFvbPokCg4uRd4ZX78t+YyRPtnKWwIl+RzNaVuFpQHfmlGVfsKEJN8LwTCvL+DfVgAM04XaHkm6bA==",
      "license": "MIT",
      "dependencies": {
        "tunnel": "^0.0.6",
        "undici": "^5.25.4"
      }
    },
    "node_modules/@actions/io": {
      "version": "1.1.3",
      "resolved": "https://registry.npmjs.org/@actions/io/-/io-1.1.3.tgz",
      "integrity": "sha512-wi9JjgKLYS7U/z8PPbco+PvTb/nRWjeoFlJ1Qer83k/3C5PHQi28hiVdeE2kHXmIL99mQFawx8qt/JPjZilJ8Q==",
      "license": "MIT"
    },
    "node_modules/@fastify/busboy": {
      "version": "2.1.1",
      "resolved": "https://registry.npmjs.org/@fastify/busboy/-/busboy-2.1.1.tgz",
      "integrity": "sha512-vBZP4NlzfOlerQTnba4aqZoMhE/a9HY7HRqoOPaETQcSQuWEIyZMHGfVu6w9wGtGK5fED5qRs2DteVCjOH60sA==",
      "license": "MIT",
      "engines": {
        "node": ">=14"
      }
    },
    "node_modules/@octokit/auth-token": {
      "version": "4.0.0",
      "resolved": "https://registry.npmjs.org/@octokit/auth-token/-/auth-token-4.0.0.tgz",
      "integrity": "sha512-tY/msAuJo6ARbK6SPIxZrPBms3xPbfwBrulZe0Wtr/DIY9lje2HeV1uoebShn6mx7SjCHif6EjMvoREj+gZ+SA==",
      "license": "MIT",
      "engines": {
        "node": ">= 18"
      }
    },
    "node_modules/@octokit/core": {
      "version": "5.2.2",
      "resolved": "https://registry.npmjs.org/@octokit/core/-/core-5.2.2.tgz",
      "integrity": "sha512-/g2d4sW9nUDJOMz3mabVQvOGhVa4e/BN/Um7yca9Bb2XTzPPnfTWHWQg+IsEYO7M3Vx+EXvaM/I2pJWIMun1bg==",
      "license": "MIT",
      "dependencies": {
        "@octokit/auth-token": "^4.0.0",
        "@octokit/graphql": "^7.1.0",
        "@octokit/request": "^8.4.1",
        "@octokit/request-error": "^5.1.1",
        "@octokit/types": "^13.0.0",
        "before-after-hook": "^2.2.0",
        "universal-user-agent": "^6.0.0"
      },
      "engines": {
        "node": ">= 18"
      }
    },
    "node_modules/@octokit/endpoint": {
      "version": "9.0.6",
      "resolved": "https://registry.npmjs.org/@octokit/endpoint/-/endpoint-9.0.6.tgz",
      "integrity": "sha512-H1fNTMA57HbkFESSt3Y9+FBICv+0jFceJFPWDePYlR/iMGrwM5ph+Dd4XRQs+8X+PUFURLQgX9ChPfhJ/1uNQw==",
      "license": "MIT",
      "dependencies": {
        "@octokit/types": "^13.1.0",
        "universal-user-agent": "^6.0.0"
      },
      "engines": {
        "node": ">= 18"
      }
    },
    "node_modules/@octokit/graphql": {
      "version": "7.1.1",
      "resolved": "https://registry.npmjs.org/@octokit/graphql/-/graphql-7.1.1.tgz",
      "integrity": "sha512-3mkDltSfcDUoa176nlGoA32RGjeWjl3K7F/BwHwRMJUW/IteSa4bnSV8p2ThNkcIcZU2umkZWxwETSSCJf2Q7g==",
      "license": "MIT",
      "dependencies": {
        "@octokit/request": "^8.4.1",
        "@octokit/types": "^13.0.0",
        "universal-user-agent": "^6.0.0"
      },
      "engines": {
        "node": ">= 18"
      }
    },
    "node_modules/@octokit/openapi-types": {
      "version": "24.2.0",
      "resolved": "https://registry.npmjs.org/@octokit/openapi-types/-/openapi-types-24.2.0.tgz",
      "integrity": "sha512-9sIH3nSUttelJSXUrmGzl7QUBFul0/mB8HRYl3fOlgHbIWG+WnYDXU3v/2zMtAvuzZ/ed00Ei6on975FhBfzrg==",
      "license": "MIT"
    },
    "node_modules/@octokit/plugin-paginate-rest": {
      "version": "9.2.2",
      "resolved": "https://registry.npmjs.org/@octokit/plugin-paginate-rest/-/plugin-paginate-rest-9.2.2.tgz",
      "integrity": "sha512-u3KYkGF7GcZnSD/3UP0S7K5XUFT2FkOQdcfXZGZQPGv3lm4F2Xbf71lvjldr8c1H3nNbF+33cLEkWYbokGWqiQ==",
      "license": "MIT",
      "dependencies": {
        "@octokit/types": "^12.6.0"
      },
      "engines": {
        "node": ">= 18"
      },
      "peerDependencies": {
        "@octokit/core": "5"
      }
    },
    "node_modules/@octokit/plugin-paginate-rest/node_modules/@octokit/openapi-types": {
      "version": "20.0.0",
      "resolved": "https://registry.npmjs.org/@octokit/openapi-types/-/openapi-types-20.0.0.tgz",
      "integrity": "sha512-EtqRBEjp1dL/15V7WiX5LJMIxxkdiGJnabzYx5Apx4FkQIFgAfKumXeYAqqJCj1s+BMX4cPFIFC4OLCR6stlnA==",
      "license": "MIT"
    },
    "node_modules/@octokit/plugin-paginate-rest/node_modules/@octokit/types": {
      "version": "12.6.0",
      "resolved": "https://registry.npmjs.org/@octokit/types/-/types-12.6.0.tgz",
      "integrity": "sha512-1rhSOfRa6H9w4YwK0yrf5faDaDTb+yLyBUKOCV4xtCDB5VmIPqd/v9yr9o6SAzOAlRxMiRiCic6JVM1/kunVkw==",
      "license": "MIT",
      "dependencies": {
        "@octokit/openapi-types": "^20.0.0"
      }
    },
    "node_modules/@octokit/plugin-rest-endpoint-methods": {
      "version": "10.4.1",
      "resolved": "https://registry.npmjs.org/@octokit/plugin-rest-endpoint-methods/-/plugin-rest-endpoint-methods-10.4.1.tgz",
      "integrity": "sha512-xV1b+ceKV9KytQe3zCVqjg+8GTGfDYwaT1ATU5isiUyVtlVAO3HNdzpS4sr4GBx4hxQ46s7ITtZrAsxG22+rVg==",
      "license": "MIT",
      "dependencies": {
        "@octokit/types": "^12.6.0"
      },
      "engines": {
        "node": ">= 18"
      },
      "peerDependencies": {
        "@octokit/core": "5"
      }
    },
    "node_modules/@octokit/plugin-rest-endpoint-methods/node_modules/@octokit/openapi-types": {
      "version": "20.0.0",
      "resolved": "https://registry.npmjs.org/@octokit/openapi-types/-/openapi-types-20.0.0.tgz",
      "integrity": "sha512-EtqRBEjp1dL/15V7WiX5LJMIxxkdiGJnabzYx5Apx4FkQIFgAfKumXeYAqqJCj1s+BMX4cPFIFC4OLCR6stlnA==",
      "license": "MIT"
    },
    "node_modules/@octokit/plugin-rest-endpoint-methods/node_modules/@octokit/types": {
      "version": "12.6.0",
      "resolved": "https://registry.npmjs.org/@octokit/types/-/types-12.6.0.tgz",
      "integrity": "sha512-1rhSOfRa6H9w4YwK0yrf5faDaDTb+yLyBUKOCV4xtCDB5VmIPqd/v9yr9o6SAzOAlRxMiRiCic6JVM1/kunVkw==",
      "license": "MIT",
      "dependencies": {
        "@octokit/openapi-types": "^20.0.0"
      }
    },
    "node_modules/@octokit/request": {
      "version": "8.4.1",
      "resolved": "https://registry.npmjs.org/@octokit/request/-/request-8.4.1.tgz",
      "integrity": "sha512-qnB2+SY3hkCmBxZsR/MPCybNmbJe4KAlfWErXq+rBKkQJlbjdJeS85VI9r8UqeLYLvnAenU8Q1okM/0MBsAGXw==",
      "license": "MIT",
      "dependencies": {
        "@octokit/endpoint": "^9.0.6",
        "@octokit/request-error": "^5.1.1",
        "@octokit/types": "^13.1.0",
        "universal-user-agent": "^6.0.0"
      },
      "engines": {
        "node": ">= 18"
      }
    },
    "node_modules/@octokit/request-error": {
      "version": "5.1.1",
      "resolved": "https://registry.npmjs.org/@octokit/request-error/-/request-error-5.1.1.tgz",
      "integrity": "sha512-v9iyEQJH6ZntoENr9/yXxjuezh4My67CBSu9r6Ve/05Iu5gNgnisNWOsoJHTP6k0Rr0+HQIpnH+kyammu90q/g==",
      "license": "MIT",
      "dependencies": {
        "@octokit/types": "^13.1.0",
        "deprecation": "^2.0.0",
        "once": "^1.4.0"
      },
      "engines": {
        "node": ">= 18"
      }
    },
    "node_modules/@octokit/types": {
      "version": "13.10.0",
      "resolved": "https://registry.npmjs.org/@octokit/types/-/types-13.10.0.tgz",
      "integrity": "sha512-ifLaO34EbbPj0Xgro4G5lP5asESjwHracYJvVaPIyXMuiuXLlhic3S47cBdTb+jfODkTE5YtGCLt3Ay3+J97sA==",
      "license": "MIT",
      "dependencies": {
        "@octokit/openapi-types": "^24.2.0"
      }
    },
    "node_modules/@scaleway/random-name": {
      "version": "5.1.2",
      "resolved": "https://registry.npmjs.org/@scaleway/random-name/-/random-name-5.1.2.tgz",
      "integrity": "sha512-WBiqKPnJdncl2mcA7t89rZrxaSIRF/eiyo69sbIiVsOj413+zg3Royzv4ddkRdNTnNg0l21GZpA6O8pfZyPAQQ==",
      "license": "MIT",
      "engines": {
        "node": ">=20.x"
      }
    },
    "node_modules/@scaleway/sdk": {
      "version": "3.1.4",
      "resolved": "https://registry.npmjs.org/@scaleway/sdk/-/sdk-3.1.4.tgz",
      "integrity": "sha512-6kfCkda1ZATP85XUezVOG5wruKUAtLNj70Sp/kjJdEJXkIPu1hs8YsHwlCnUzSRcp7NzgSkwdZbEKUiQ6WWCcA==",
      "license": "Apache-2.0",
      "dependencies": {
        "@scaleway/sdk-account": "2.2.0",
        "@scaleway/sdk-applesilicon": "2.2.0",
        "@scaleway/sdk-audit-trail": "2.3.0",
        "@scaleway/sdk-autoscaling": "2.2.0",
        "@scaleway/sdk-baremetal": "2.2.0",
        "@scaleway/sdk-billing": "2.2.0",
        "@scaleway/sdk-block": "2.2.0",
        "@scaleway/sdk-client": "^2.1.0",
        "@scaleway/sdk-cockpit": "2.2.0",
        "@scaleway/sdk-container": "2.2.0",
        "@scaleway/sdk-datawarehouse": "2.2.0",
        "@scaleway/sdk-dedibox": "2.2.0",
        "@scaleway/sdk-domain": "2.2.1",
        "@scaleway/sdk-edge-services": "2.3.0",
        "@scaleway/sdk-environmental-footprint": "2.4.0",
        "@scaleway/sdk-file": "2.2.0",
        "@scaleway/sdk-flexibleip": "2.2.0",
        "@scaleway/sdk-function": "2.2.0",
        "@scaleway/sdk-iam": "2.2.0",
        "@scaleway/sdk-inference": "2.2.0",
        "@scaleway/sdk-instance": "2.2.0",
        "@scaleway/sdk-interlink": "2.2.0",
        "@scaleway/sdk-iot": "2.2.0",
        "@scaleway/sdk-ipam": "2.2.0",
        "@scaleway/sdk-jobs": "2.2.0",
        "@scaleway/sdk-k8s": "2.3.0",
        "@scaleway/sdk-kafka": "2.2.0",
        "@scaleway/sdk-key-manager": "2.2.0",
        "@scaleway/sdk-lb": "2.2.0",
        "@scaleway/sdk-marketplace": "2.2.0",
        "@scaleway/sdk-mnq": "2.2.0",
        "@scaleway/sdk-mongodb": "2.2.0",
        "@scaleway/sdk-product-catalog": "2.3.0",
        "@scaleway/sdk-qaas": "2.2.0",
        "@scaleway/sdk-rdb": "2.2.0",
        "@scaleway/sdk-redis": "2.2.0",
        "@scaleway/sdk-registry": "2.2.0",
        "@scaleway/sdk-s2s-vpn": "2.3.0",
        "@scaleway/sdk-secret": "2.2.0",
        "@scaleway/sdk-serverless-sqldb": "2.2.0",
        "@scaleway/sdk-std": "2.1.0",
        "@scaleway/sdk-tem": "2.2.0",
        "@scaleway/sdk-test": "2.2.0",
        "@scaleway/sdk-vpc": "2.2.0",
        "@scaleway/sdk-vpcgw": "2.2.0",
        "@scaleway/sdk-webhosting": "2.2.0"
      },
      "engines": {
        "node": ">=20.19.6"
      },
      "peerDependencies": {
        "@scaleway/sdk-client": "^2.1.0"
      }
    },
    "node_modules/@scaleway/sdk-account": {
      "version": "2.2.0",
      "resolved": "https://registry.npmjs.org/@scaleway/sdk-account/-/sdk-account-2.2.0.tgz",
      "integrity": "sha512-hdvVd3OC7mGV6Sny83sKOxRSprOx0BjkYKzN1dARwSQDrHgq6JIRfG/Pa/klAr5NpRzFHOy8xZdok2IxftVHXg==",
      "license": "Apache-2.0",
      "dependencies": {
        "@scaleway/random-name": "5.1.2",
        "@scaleway/sdk-std": "2.1.0"
      },
      "engines": {
        "node": ">=20.19.6"
      },
      "peerDependencies": {
        "@scaleway/sdk-client": "^2.1.0"
      }
    },
    "node_modules/@scaleway/sdk-applesilicon": {
      "version": "2.2.0",
      "resolved": "https://registry.npmjs.org/@scaleway/sdk-applesilicon/-/sdk-applesilicon-2.2.0.tgz",
      "integrity": "sha512-8UbzuaPKSh9zGFbO1YqsJeDD/NTA+ELi844skeUnCrG4RyDKQz/fkC3DDAiFZEJ6B6zMe2SC72iK0Lxnky4SgQ==",
      "license": "Apache-2.0",
      "dependencies": {
        "@scaleway/random-name": "5.1.2",
        "@scaleway/sdk-std": "2.1.0"
      },
      "engines": {
        "node": ">=20.19.6"
      },
      "peerDependencies": {
        "@scaleway/sdk-client": "^2.1.0"
      }
    },
    "node_modules/@scaleway/sdk-audit-trail": {
      "version": "2.3.0",
      "resolved": "https://registry.npmjs.org/@scaleway/sdk-audit-trail/-/sdk-audit-trail-2.3.0.tgz",
      "integrity": "sha512-06CZmEVTApIky9NSFVZrn7UAv8yxwi9bGmaF0bsVg6CRe53svNfDXMAyZU4GZFzvmsDOCLIOJe+3mPfcx4ch0w==",
      "license": "Apache-2.0",
      "dependencies": {
        "@scaleway/random-name": "5.1.2",
        "@scaleway/sdk-std": "2.1.0"
      },
      "engines": {
        "node": ">=20.19.6"
      },
      "peerDependencies": {
        "@scaleway/sdk-client": "^2.1.0"
      }
    },
    "node_modules/@scaleway/sdk-autoscaling": {
      "version": "2.2.0",
      "resolved": "https://registry.npmjs.org/@scaleway/sdk-autoscaling/-/sdk-autoscaling-2.2.0.tgz",
      "integrity": "sha512-CjiA/vpcCchdRhENJbzInmthAJfN8izftP2ONld9Kd9htza+2LcF8+Yl+8Ai/hzL4Y5exEC5TMgyqsYsjsYXhg==",
      "license": "Apache-2.0",
      "dependencies": {
        "@scaleway/random-name": "5.1.2",
        "@scaleway/sdk-std": "2.1.0"
      },
      "engines": {
        "node": ">=20.19.6"
      },
      "peerDependencies": {
        "@scaleway/sdk-client": "^2.1.0"
      }
    },
    "node_modules/@scaleway/sdk-baremetal": {
      "version": "2.2.0",
      "resolved": "https://registry.npmjs.org/@scaleway/sdk-baremetal/-/sdk-baremetal-2.2.0.tgz",
      "integrity": "sha512-jhA6zqQEuDPU5a9h3/yLbLc3RDDGSDEaZLafphJ1yysgXUnag1SVVePwYEKiIevPNHgBU8R7JdNxVaznjsgZ1A==",
      "license": "Apache-2.0",
      "dependencies": {
        "@scaleway/random-name": "5.1.2",
        "@scaleway/sdk-std": "2.1.0"
      },
      "engines": {
        "node": ">=20.19.6"
      },
      "peerDependencies": {
        "@scaleway/sdk-client": "^2.1.0"
      }
    },
    "node_modules/@scaleway/sdk-billing": {
      "version": "2.2.0",
      "resolved": "https://registry.npmjs.org/@scaleway/sdk-billing/-/sdk-billing-2.2.0.tgz",
      "integrity": "sha512-ivTYhJgnvfJOh5QJE082aBqPxU0P5hYVpQrPBO13O7iIZhJKbHRB4ew5F9pLUwFvN1NXm3HIGl9VtDJ5Nk7e4Q==",
      "license": "Apache-2.0",
      "dependencies": {
        "@scaleway/random-name": "5.1.2",
        "@scaleway/sdk-std": "2.1.0"
      },
      "engines": {
        "node": ">=20.19.6"
      },
      "peerDependencies": {
        "@scaleway/sdk-client": "^2.1.0"
      }
    },
    "node_modules/@scaleway/sdk-block": {
      "version": "2.2.0",
      "resolved": "https://registry.npmjs.org/@scaleway/sdk-block/-/sdk-block-2.2.0.tgz",
      "integrity": "sha512-iySNNbH7kMtBj/2yC3ELmsgm3MLsIYYbxHipPZUleH9tlJiIr5DTl/WJZ05cvXikKxOPAu136/ZBsbyjuDNuOw==",
      "license": "Apache-2.0",
      "dependencies": {
        "@scaleway/random-name": "5.1.2",
        "@scaleway/sdk-std": "2.1.0"
      },
      "engines": {
        "node": ">=20.19.6"
      },
      "peerDependencies": {
        "@scaleway/sdk-client": "^2.1.0"
      }
    },
    "node_modules/@scaleway/sdk-client": {
      "version": "2.1.0",
      "resolved": "https://registry.npmjs.org/@scaleway/sdk-client/-/sdk-client-2.1.0.tgz",
      "integrity": "sha512-/2Sw30paGDWyY+UMZeynOIoJlwCtlnEf8H91+HtwAffZ+coT5SNqP/S2Mu7eFPT+nsRVTDrnaHF2VCt/FqExTg==",
      "license": "Apache-2.0",
      "engines": {
        "node": ">=20.19.6"
      }
    },
    "node_modules/@scaleway/sdk-cockpit": {
      "version": "2.2.0",
      "resolved": "https://registry.npmjs.org/@scaleway/sdk-cockpit/-/sdk-cockpit-2.2.0.tgz",
      "integrity": "sha512-nltcaS2M+X9hLpH+wfMvAo7MQOgWJHWPHobKP7gcd9DLWY7gj8Wb/G2fX4y5BoZJnyY5FX3+/ouUKA4Wg6nPvA==",
      "license": "Apache-2.0",
      "dependencies": {
        "@scaleway/random-name": "5.1.2",
        "@scaleway/sdk-std": "2.1.0"
      },
      "engines": {
        "node": ">=20.19.6"
      },
      "peerDependencies": {
        "@scaleway/sdk-client": "^2.1.0"
      }
    },
    "node_modules/@scaleway/sdk-container": {
      "version": "2.2.0",
      "resolved": "https://registry.npmjs.org/@scaleway/sdk-container/-/sdk-container-2.2.0.tgz",
      "integrity": "sha512-4hAvglqeRD0bdiZhguaa4mRpnLdM+qdWFs4fuRkiQwDC5penqKmbk39dAjE0wWaB7TD2C3QC1KY1TmaAdPiNpQ==",
      "license": "Apache-2.0",
      "dependencies": {
        "@scaleway/random-name": "5.1.2",
        "@scaleway/sdk-std": "2.1.0"
      },
      "engines": {
        "node": ">=20.19.6"
      },
      "peerDependencies": {
        "@scaleway/sdk-client": "^2.1.0"
      }
    },
    "node_modules/@scaleway/sdk-datawarehouse": {
      "version": "2.2.0",
      "resolved": "https://registry.npmjs.org/@scaleway/sdk-datawarehouse/-/sdk-datawarehouse-2.2.0.tgz",
      "integrity": "sha512-7xTygGMqJ4/PvMHacSZHovKrcfPO9LiHeygYozjFDwoAz7vl0wQF/9EN6FC//L17YhgUDtAJVbU1GWuoD6KlZA==",
      "license": "Apache-2.0",
      "dependencies": {
        "@scaleway/random-name": "5.1.2",
        "@scaleway/sdk-std": "2.1.0"
      },
      "engines": {
        "node": ">=20.19.6"
      },
      "peerDependencies": {
        "@scaleway/sdk-client": "^2.1.0"
      }
    },
    "node_modules/@scaleway/sdk-dedibox": {
      "version": "2.2.0",
      "resolved": "https://registry.npmjs.org/@scaleway/sdk-dedibox/-/sdk-dedibox-2.2.0.tgz",
      "integrity": "sha512-JnGRmeTduAfNn9ps0JRy5amxlvURuOs/NwAPLH0aP3CeivEoTdN/zoUabMXFKZbtqyasvVP2sIRmfv+vP2PDUg==",
      "license": "Apache-2.0",
      "dependencies": {
        "@scaleway/random-name": "5.1.2",
        "@scaleway/sdk-std": "2.1.0"
      },
      "engines": {
        "node": ">=20.19.6"
      },
      "peerDependencies": {
        "@scaleway/sdk-client": "^2.1.0"
      }
    },
    "node_modules/@scaleway/sdk-domain": {
      "version": "2.2.1",
      "resolved": "https://registry.npmjs.org/@scaleway/sdk-domain/-/sdk-domain-2.2.1.tgz",
      "integrity": "sha512-I9FYgiWvzJoTXA5b0F6YlknocX6o2+w3e3eDi8ryxPAuNZ8w6C0aGFXyLs81KWG/coXAfJDZ+r+ytHEA+mfZNA==",
      "license": "Apache-2.0",
      "dependencies": {
        "@scaleway/random-name": "5.1.2",
        "@scaleway/sdk-std": "2.1.0"
      },
      "engines": {
        "node": ">=20.19.6"
      },
      "peerDependencies": {
        "@scaleway/sdk-client": "^2.1.0"
      }
    },
    "node_modules/@scaleway/sdk-edge-services": {
      "version": "2.3.0",
      "resolved": "https://registry.npmjs.org/@scaleway/sdk-edge-services/-/sdk-edge-services-2.3.0.tgz",
      "integrity": "sha512-yptH8Bj3IGAXglZBtNNWwcoeSgjYZSpgTeg9mL8gmc2Yh33EFjqbMbzLIbsSiOv1NYy0akbUNd8mdlKO58Qzlw==",
      "license": "Apache-2.0",
      "dependencies": {
        "@scaleway/random-name": "5.1.2",
        "@scaleway/sdk-std": "2.1.0"
      },
      "engines": {
        "node": ">=20.19.6"
      },
      "peerDependencies": {
        "@scaleway/sdk-client": "^2.1.0"
      }
    },
    "node_modules/@scaleway/sdk-environmental-footprint": {
      "version": "2.4.0",
      "resolved": "https://registry.npmjs.org/@scaleway/sdk-environmental-footprint/-/sdk-environmental-footprint-2.4.0.tgz",
      "integrity": "sha512-bg6NZ9WqwkVl5K9GAnAqkDnce6f6Jp/UGA6nxueM7x1pxqO6QnaZ4uPBNo7jUvCS/x5E0exZyVz+qq5y8BMaUg==",
      "license": "Apache-2.0",
      "dependencies": {
        "@scaleway/random-name": "5.1.2",
        "@scaleway/sdk-std": "2.1.0"
      },
      "engines": {
        "node": ">=20.19.6"
      },
      "peerDependencies": {
        "@scaleway/sdk-client": "^2.1.0"
      }
    },
    "node_modules/@scaleway/sdk-file": {
      "version": "2.2.0",
      "resolved": "https://registry.npmjs.org/@scaleway/sdk-file/-/sdk-file-2.2.0.tgz",
      "integrity": "sha512-it2FIijwIZOg2r1YLUu+4ekzeaXxjylZ6xwBJ4nYWEiyntxPeI3XjdaPczcLWTaKWG9ehMfReYQNL5k/kfy35w==",
      "license": "Apache-2.0",
      "dependencies": {
        "@scaleway/random-name": "5.1.2",
        "@scaleway/sdk-std": "2.1.0"
      },
      "engines": {
        "node": ">=20.19.6"
      },
      "peerDependencies": {
        "@scaleway/sdk-client": "^2.1.0"
      }
    },
    "node_modules/@scaleway/sdk-flexibleip": {
      "version": "2.2.0",
      "resolved": "https://registry.npmjs.org/@scaleway/sdk-flexibleip/-/sdk-flexibleip-2.2.0.tgz",
      "integrity": "sha512-XA0LH7EuphPjIrjhHYwrnUislwC725tGx28b6Y1In/FPBXRQ9wL1uoQGtwWzbvuoJ7psJ8/wHh5gjFwXa5CDCA==",
      "license": "Apache-2.0",
      "dependencies": {
        "@scaleway/random-name": "5.1.2",
        "@scaleway/sdk-std": "2.1.0"
      },
      "engines": {
        "node": ">=20.19.6"
      },
      "peerDependencies": {
        "@scaleway/sdk-client": "^2.1.0"
      }
    },
    "node_modules/@scaleway/sdk-function": {
      "version": "2.2.0",
      "resolved": "https://registry.npmjs.org/@scaleway/sdk-function/-/sdk-function-2.2.0.tgz",
      "integrity": "sha512-n58b1h7zhzNJinlmFqTG5xpY0TqKNoG0nTcK87e516yA7Wc+mumuMXmQ/CGGeL4EeU3Rk5UF8QRI7EL50vac6A==",
      "license": "Apache-2.0",
      "dependencies": {
        "@scaleway/random-name": "5.1.2",
        "@scaleway/sdk-std": "2.1.0"
      },
      "engines": {
        "node": ">=20.19.6"
      },
      "peerDependencies": {
        "@scaleway/sdk-client": "^2.1.0"
      }
    },
    "node_modules/@scaleway/sdk-iam": {
      "version": "2.2.0",
      "resolved": "https://registry.npmjs.org/@scaleway/sdk-iam/-/sdk-iam-2.2.0.tgz",
      "integrity": "sha512-FjdVCIvWoI6h9mgP5xhnKUGwlTpE1tUTop4sthoGhoQrO5tngv+8FLTdpFMItefhB71A0LUY4kfdRWoRQ8VuYA==",
      "license": "Apache-2.0",
      "dependencies": {
        "@scaleway/random-name": "5.1.2",
        "@scaleway/sdk-std": "2.1.0"
      },
      "engines": {
        "node": ">=20.19.6"
      },
      "peerDependencies": {
        "@scaleway/sdk-client": "^2.1.0"
      }
    },
    "node_modules/@scaleway/sdk-inference": {
      "version": "2.2.0",
      "resolved": "https://registry.npmjs.org/@scaleway/sdk-inference/-/sdk-inference-2.2.0.tgz",
      "integrity": "sha512-VRZUm5p5LDecXb6yxnXvo4hvztm5czPBniZTde7o5tv3vfBQZfYIXpNHGufK40+cLewJeroRcNNftaN2aE7b+g==",
      "license": "Apache-2.0",
      "dependencies": {
        "@scaleway/random-name": "5.1.2",
        "@scaleway/sdk-std": "2.1.0"
      },
      "engines": {
        "node": ">=20.19.6"
      },
      "peerDependencies": {
        "@scaleway/sdk-client": "^2.1.0"
      }
    },
    "node_modules/@scaleway/sdk-instance": {
      "version": "2.2.0",
      "resolved": "https://registry.npmjs.org/@scaleway/sdk-instance/-/sdk-instance-2.2.0.tgz",
      "integrity": "sha512-2SAd9415SpNvRDQxAT/1M5LlyKr3VeuNYQWKee10/UOgm1S882fLDMSAGkN3bX1vp1Xt7F3DAu1usxuG+1/IzA==",
      "license": "Apache-2.0",
      "dependencies": {
        "@scaleway/random-name": "5.1.2",
        "@scaleway/sdk-std": "2.1.0"
      },
      "engines": {
        "node": ">=20.19.6"
      },
      "peerDependencies": {
        "@scaleway/sdk-client": "^2.1.0"
      }
    },
    "node_modules/@scaleway/sdk-interlink": {
      "version": "2.2.0",
      "resolved": "https://registry.npmjs.org/@scaleway/sdk-interlink/-/sdk-interlink-2.2.0.tgz",
      "integrity": "sha512-J8lP+/XGiHwagmyBdAwxaxk1uq0G+O6artx2bBpXs/uf4dZf/S7h3htNLwC0FDPWJtaqHr+ObE48KReQlN5uxQ==",
      "license": "Apache-2.0",
      "dependencies": {
        "@scaleway/random-name": "5.1.2",
        "@scaleway/sdk-std": "2.1.0"
      },
      "engines": {
        "node": ">=20.19.6"
      },
      "peerDependencies": {
        "@scaleway/sdk-client": "^2.1.0"
      }
    },
    "node_modules/@scaleway/sdk-iot": {
      "version": "2.2.0",
      "resolved": "https://registry.npmjs.org/@scaleway/sdk-iot/-/sdk-iot-2.2.0.tgz",
      "integrity": "sha512-CC5+LKN4Yud3C4KP8O0aYMaQ1qLD01I2MXDn/VwixIiVa1M8sD/zQJjQqG1QsRbDiwwAUA+7oZdJxuiGTJe/ig==",
      "license": "Apache-2.0",
      "dependencies": {
        "@scaleway/random-name": "5.1.2",
        "@scaleway/sdk-std": "2.1.0"
      },
      "engines": {
        "node": ">=20.19.6"
      },
      "peerDependencies": {
        "@scaleway/sdk-client": "^2.1.0"
      }
    },
    "node_modules/@scaleway/sdk-ipam": {
      "version": "2.2.0",
      "resolved": "https://registry.npmjs.org/@scaleway/sdk-ipam/-/sdk-ipam-2.2.0.tgz",
      "integrity": "sha512-bXSjCCXQMaqpnxPRBfE/Jjm+d75MK4utyOsrl4hmsL0T9KUzQOmb7K8MxzLMaadvm+Mg8QMrusHpAexGkQlzcg==",
      "license": "Apache-2.0",
      "dependencies": {
        "@scaleway/random-name": "5.1.2",
        "@scaleway/sdk-std": "2.1.0"
      },
      "engines": {
        "node": ">=20.19.6"
      },
      "peerDependencies": {
        "@scaleway/sdk-client": "^2.1.0"
      }
    },
    "node_modules/@scaleway/sdk-jobs": {
      "version": "2.2.0",
      "resolved": "https://registry.npmjs.org/@scaleway/sdk-jobs/-/sdk-jobs-2.2.0.tgz",
      "integrity": "sha512-7t/BtdIS4p9A+m0mNCWme2R6PfeHtI3rGZpJTWsWD8/Jkvvxqp7TNp6oLmFYMRLzQkXSjgYO2qXwlgnSCeIa3w==",
      "license": "Apache-2.0",
      "dependencies": {
        "@scaleway/random-name": "5.1.2",
        "@scaleway/sdk-std": "2.1.0"
      },
      "engines": {
        "node": ">=20.19.6"
      },
      "peerDependencies": {
        "@scaleway/sdk-client": "^2.1.0"
      }
    },
    "node_modules/@scaleway/sdk-k8s": {
      "version": "2.3.0",
      "resolved": "https://registry.npmjs.org/@scaleway/sdk-k8s/-/sdk-k8s-2.3.0.tgz",
      "integrity": "sha512-5mFnQJei8uAcd6Ky94QSq/RuyUnFUl+lH5iSAmV56uJUavf2XshVxCLpW1HHn8Hm4fCLDkbxr9EZ0mvaqRZ8Jw==",
      "license": "Apache-2.0",
      "dependencies": {
        "@scaleway/random-name": "5.1.2",
        "@scaleway/sdk-std": "2.1.0"
      },
      "engines": {
        "node": ">=20.19.6"
      },
      "peerDependencies": {
        "@scaleway/sdk-client": "^2.1.0"
      }
    },
    "node_modules/@scaleway/sdk-kafka": {
      "version": "2.2.0",
      "resolved": "https://registry.npmjs.org/@scaleway/sdk-kafka/-/sdk-kafka-2.2.0.tgz",
      "integrity": "sha512-aSIvS1K5IkCfN/LRBLE9w1dQqEjkkIg9TOOmc2MWu6zOsjkjvdInnGqxh9EROq2IZhtlFVCabjRsYPUTAInwfw==",
      "license": "Apache-2.0",
      "dependencies": {
        "@scaleway/random-name": "5.1.2",
        "@scaleway/sdk-std": "2.1.0"
      },
      "engines": {
        "node": ">=20.19.6"
      },
      "peerDependencies": {
        "@scaleway/sdk-client": "^2.1.0"
      }
    },
    "node_modules/@scaleway/sdk-key-manager": {
      "version": "2.2.0",
      "resolved": "https://registry.npmjs.org/@scaleway/sdk-key-manager/-/sdk-key-manager-2.2.0.tgz",
      "integrity": "sha512-5s2FcHj3O48hhLXCR4+NonACbHKhI4bsof/ont03r07IkJgM0HOaWwLplfNFlGpGV/LOCWMmsJ0kpSKHNHGRjQ==",
      "license": "Apache-2.0",
      "dependencies": {
        "@scaleway/random-name": "5.1.2",
        "@scaleway/sdk-std": "2.1.0"
      },
      "engines": {
        "node": ">=20.19.6"
      },
      "peerDependencies": {
        "@scaleway/sdk-client": "^2.1.0"
      }
    },
    "node_modules/@scaleway/sdk-lb": {
      "version": "2.2.0",
      "resolved": "https://registry.npmjs.org/@scaleway/sdk-lb/-/sdk-lb-2.2.0.tgz",
      "integrity": "sha512-t18MnkCscYs9JeJHd2t6xRQBltFD3GJYU4HSCE7LiVDzghpGGm3a86cXv637+e4OoV60pQwowqpjnUZOihbqAA==",
      "license": "Apache-2.0",
      "dependencies": {
        "@scaleway/random-name": "5.1.2",
        "@scaleway/sdk-std": "2.1.0"
      },
      "engines": {
        "node": ">=20.19.6"
      },
      "peerDependencies": {
        "@scaleway/sdk-client": "^2.1.0"
      }
    },
    "node_modules/@scaleway/sdk-marketplace": {
      "version": "2.2.0",
      "resolved": "https://registry.npmjs.org/@scaleway/sdk-marketplace/-/sdk-marketplace-2.2.0.tgz",
      "integrity": "sha512-887xfDDCuRa2lyfbCazbQpDtdYbwHZJc2nOhiz787hbkfYXfBb/mayYfpX8Rwi/lWUd9BlsnZGJDSLzOGqfuNA==",
      "license": "Apache-2.0",
      "dependencies": {
        "@scaleway/random-name": "5.1.2",
        "@scaleway/sdk-std": "2.1.0"
      },
      "engines": {
        "node": ">=20.19.6"
      },
      "peerDependencies": {
        "@scaleway/sdk-client": "^2.1.0"
      }
    },
    "node_modules/@scaleway/sdk-mnq": {
      "version": "2.2.0",
      "resolved": "https://registry.npmjs.org/@scaleway/sdk-mnq/-/sdk-mnq-2.2.0.tgz",
      "integrity": "sha512-sSO+TjRyoPFSq2nImR6Q9MIybMISJ4PMEoQv7gux8Uh/4nRQeM2z6MF/ybqH673Cd7yKvQ+W+nT0eOr2PfYBoA==",
      "license": "Apache-2.0",
      "dependencies": {
        "@scaleway/random-name": "5.1.2",
        "@scaleway/sdk-std": "2.1.0"
      },
      "engines": {
        "node": ">=20.19.6"
      },
      "peerDependencies": {
        "@scaleway/sdk-client": "^2.1.0"
      }
    },
    "node_modules/@scaleway/sdk-mongodb": {
      "version": "2.2.0",
      "resolved": "https://registry.npmjs.org/@scaleway/sdk-mongodb/-/sdk-mongodb-2.2.0.tgz",
      "integrity": "sha512-hHq7MAuUzLw3N7QwbVKEyEW6WSWGgb0dz+eLHammAr9gIgYTNANbxZFGNqRvtjXLhGbQ1g72YjicRG1QGJXIXg==",
      "license": "Apache-2.0",
      "dependencies": {
        "@scaleway/random-name": "5.1.2",
        "@scaleway/sdk-std": "2.1.0"
      },
      "engines": {
        "node": ">=20.19.6"
      },
      "peerDependencies": {
        "@scaleway/sdk-client": "^2.1.0"
      }
    },
    "node_modules/@scaleway/sdk-product-catalog": {
      "version": "2.3.0",
      "resolved": "https://registry.npmjs.org/@scaleway/sdk-product-catalog/-/sdk-product-catalog-2.3.0.tgz",
      "integrity": "sha512-PvYkeqoo1B60TvKw210IWl+WtMUsCA4JTNeia35jh1m/H5u3kz7NymmcQnA5LjipFGgnHlSP68DX8HFS/4aAdQ==",
      "license": "Apache-2.0",
      "dependencies": {
        "@scaleway/random-name": "5.1.2",
        "@scaleway/sdk-std": "2.1.0"
      },
      "engines": {
        "node": ">=20.19.6"
      },
      "peerDependencies": {
        "@scaleway/sdk-client": "^2.1.0"
      }
    },
    "node_modules/@scaleway/sdk-qaas": {
      "version": "2.2.0",
      "resolved": "https://registry.npmjs.org/@scaleway/sdk-qaas/-/sdk-qaas-2.2.0.tgz",
      "integrity": "sha512-IomGWOjIM7TE2WVMDQu2q2c1UZUujC7f6d+HvMVV6Nvc6nmOVchpz0E+9fMW3Iwc/UTaxEJswZDhvMUpyGr54A==",
      "license": "Apache-2.0",
      "dependencies": {
        "@scaleway/random-name": "5.1.2",
        "@scaleway/sdk-std": "2.1.0"
      },
      "engines": {
        "node": ">=20.19.6"
      },
      "peerDependencies": {
        "@scaleway/sdk-client": "^2.1.0"
      }
    },
    "node_modules/@scaleway/sdk-rdb": {
      "version": "2.2.0",
      "resolved": "https://registry.npmjs.org/@scaleway/sdk-rdb/-/sdk-rdb-2.2.0.tgz",
      "integrity": "sha512-PfVTGDNgOtUx9WxEhUypLijDGLYr8b6NSHp3Sbb+cFmEa2lEIGIcn4uhh+gAg4VA7UoGmJkt/s5+Ahgdm5BOeQ==",
      "license": "Apache-2.0",
      "dependencies": {
        "@scaleway/random-name": "5.1.2",
        "@scaleway/sdk-std": "2.1.0"
      },
      "engines": {
        "node": ">=20.19.6"
      },
      "peerDependencies": {
        "@scaleway/sdk-client": "^2.1.0"
      }
    },
    "node_modules/@scaleway/sdk-redis": {
      "version": "2.2.0",
      "resolved": "https://registry.npmjs.org/@scaleway/sdk-redis/-/sdk-redis-2.2.0.tgz",
      "integrity": "sha512-8ZoQzz3xwBFsxj/q+MVguQCpnngqb1zR0nuTtQ2RrEVFz6Hy9o0q6OiUP6vk7gGHtb3DAyrrsJH52/U1O7WXzg==",
      "license": "Apache-2.0",
      "dependencies": {
        "@scaleway/random-name": "5.1.2",
        "@scaleway/sdk-std": "2.1.0"
      },
      "engines": {
        "node": ">=20.19.6"
      },
      "peerDependencies": {
        "@scaleway/sdk-client": "^2.1.0"
      }
    },
    "node_modules/@scaleway/sdk-registry": {
      "version": "2.2.0",
      "resolved": "https://registry.npmjs.org/@scaleway/sdk-registry/-/sdk-registry-2.2.0.tgz",
      "integrity": "sha512-aiRqqHHW5Y28FFhcWsfN9EoFAuu82d3REg5oQOXgSOgs7zPg1JQRXWHKu80d9CCPpuHdTv5gX3tKSkCIHLtSDA==",
      "license": "Apache-2.0",
      "dependencies": {
        "@scaleway/random-name": "5.1.2",
        "@scaleway/sdk-std": "2.1.0"
      },
      "engines": {
        "node": ">=20.19.6"
      },
      "peerDependencies": {
        "@scaleway/sdk-client": "^2.1.0"
      }
    },
    "node_modules/@scaleway/sdk-s2s-vpn": {
      "version": "2.3.0",
      "resolved": "https://registry.npmjs.org/@scaleway/sdk-s2s-vpn/-/sdk-s2s-vpn-2.3.0.tgz",
      "integrity": "sha512-65VY/Bq5/REG3GvNSe1kBMD+NJwTzQeu3qnFLPHRR6FIppeYosBPhyczxx//hfKIFlceZWk2YBongezZVt2log==",
      "license": "Apache-2.0",
      "dependencies": {
        "@scaleway/random-name": "5.1.2",
        "@scaleway/sdk-std": "2.1.0"
      },
      "engines": {
        "node": ">=20.19.6"
      },
      "peerDependencies": {
        "@scaleway/sdk-client": "^2.1.0"
      }
    },
    "node_modules/@scaleway/sdk-secret": {
      "version": "2.2.0",
      "resolved": "https://registry.npmjs.org/@scaleway/sdk-secret/-/sdk-secret-2.2.0.tgz",
      "integrity": "sha512-Xf0mcVcxqhMl1+GuXj6NsJnXjMcNTEQAeqaAJUjNgqtWzZ9Y/zLe7kY/a8Ayt2FGlrTQLWVC5D/FQqQ9cj3DLA==",
      "license": "Apache-2.0",
      "dependencies": {
        "@scaleway/random-name": "5.1.2",
        "@scaleway/sdk-std": "2.1.0"
      },
      "engines": {
        "node": ">=20.19.6"
      },
      "peerDependencies": {
        "@scaleway/sdk-client": "^2.1.0"
      }
    },
    "node_modules/@scaleway/sdk-serverless-sqldb": {
      "version": "2.2.0",
      "resolved": "https://registry.npmjs.org/@scaleway/sdk-serverless-sqldb/-/sdk-serverless-sqldb-2.2.0.tgz",
      "integrity": "sha512-x22iClIavEgF5qgqTsJjt5upjm2x3C+hS99vuk0mV3aMsd7R6wrjhdhVSOX915o4caWgWGfnbaVNrjSj4QjNqA==",
      "license": "Apache-2.0",
      "dependencies": {
        "@scaleway/random-name": "5.1.2",
        "@scaleway/sdk-std": "2.1.0"
      },
      "engines": {
        "node": ">=20.19.6"
      },
      "peerDependencies": {
        "@scaleway/sdk-client": "^2.1.0"
      }
    },
    "node_modules/@scaleway/sdk-std": {
      "version": "2.1.0",
      "resolved": "https://registry.npmjs.org/@scaleway/sdk-std/-/sdk-std-2.1.0.tgz",
      "integrity": "sha512-HFgYPp9NMtCLq7cXelEdGEqRNRzanCHeCa3P8X9R0hLph7ew2Jk3SD+tSCoQWrREgtCppElh8upnKF6/SbHfXA==",
      "license": "Apache-2.0",
      "dependencies": {
        "@scaleway/sdk-client": "^2.1.0"
      },
      "engines": {
        "node": ">=20.19.6"
      },
      "peerDependencies": {
        "@scaleway/sdk-client": "^2.1.0"
      }
    },
    "node_modules/@scaleway/sdk-tem": {
      "version": "2.2.0",
      "resolved": "https://registry.npmjs.org/@scaleway/sdk-tem/-/sdk-tem-2.2.0.tgz",
      "integrity": "sha512-pUXzjn+z5h5FKRY+Ytr8VmnQZDD96KGd6ilJyPwq4s0s5UjB8YMGQSx+2SEEFJQw7TtA5BkAmpD+W8aglwHJLQ==",
      "license": "Apache-2.0",
      "dependencies": {
        "@scaleway/random-name": "5.1.2",
        "@scaleway/sdk-std": "2.1.0"
      },
      "engines": {
        "node": ">=20.19.6"
      },
      "peerDependencies": {
        "@scaleway/sdk-client": "^2.1.0"
      }
    },
    "node_modules/@scaleway/sdk-test": {
      "version": "2.2.0",
      "resolved": "https://registry.npmjs.org/@scaleway/sdk-test/-/sdk-test-2.2.0.tgz",
      "integrity": "sha512-ectVcmqwFJrNUuQxXpp8eeYaW6FrwPrQa1j+zvWXJk0wDo6BDoH8tnsfJQcqNNFwlqSSSTQbEbQRsIUqgS5rvw==",
      "license": "Apache-2.0",
      "dependencies": {
        "@scaleway/random-name": "5.1.2",
        "@scaleway/sdk-std": "2.1.0"
      },
      "engines": {
        "node": ">=20.19.6"
      },
      "peerDependencies": {
        "@scaleway/sdk-client": "^2.1.0"
      }
    },
    "node_modules/@scaleway/sdk-vpc": {
      "version": "2.2.0",
      "resolved": "https://registry.npmjs.org/@scaleway/sdk-vpc/-/sdk-vpc-2.2.0.tgz",
      "integrity": "sha512-EiRnrYaUy3D/g9YQ1SuuYJDdQ+2j1ERcGsbK+jcisVLLOa8LNWHZhSyGmHESL2YOs1RV/UWpHRIZ5l9wxkpT7w==",
      "license": "Apache-2.0",
      "dependencies": {
        "@scaleway/random-name": "5.1.2",
        "@scaleway/sdk-std": "2.1.0"
      },
      "engines": {
        "node": ">=20.19.6"
      },
      "peerDependencies": {
        "@scaleway/sdk-client": "^2.1.0"
      }
    },
    "node_modules/@scaleway/sdk-vpcgw": {
      "version": "2.2.0",
      "resolved": "https://registry.npmjs.org/@scaleway/sdk-vpcgw/-/sdk-vpcgw-2.2.0.tgz",
      "integrity": "sha512-Y+uzKqLy3HqLqIJX5HR76I1IkD+SfsSwxy/78lMmR/fvYRkv7FIm/fipXxa/g3pRQBkNmpeTh3FY6v2yND46SQ==",
      "license": "Apache-2.0",
      "dependencies": {
        "@scaleway/random-name": "5.1.2",
        "@scaleway/sdk-std": "2.1.0"
      },
      "engines": {
        "node": ">=20.19.6"
      },
      "peerDependencies": {
        "@scaleway/sdk-client": "^2.1.0"
      }
    },
    "node_modules/@scaleway/sdk-webhosting": {
      "version": "2.2.0",
      "resolved": "https://registry.npmjs.org/@scaleway/sdk-webhosting/-/sdk-webhosting-2.2.0.tgz",
      "integrity": "sha512-y18P1JXGHEe569wMrTCjXmd78zS7bYFXpniYTBlAqfpfV/35LOrn1QAglPwiT5+JcJmaD/gjmiDE8ohu7x6SlQ==",
      "license": "Apache-2.0",
      "dependencies": {
        "@scaleway/random-name": "5.1.2",
        "@scaleway/sdk-std": "2.1.0"
      },
      "engines": {
        "node": ">=20.19.6"
      },
      "peerDependencies": {
        "@scaleway/sdk-client": "^2.1.0"
      }
    },
    "node_modules/@types/node": {
      "version": "25.0.3",
      "resolved": "https://registry.npmjs.org/@types/node/-/node-25.0.3.tgz",
      "integrity": "sha512-W609buLVRVmeW693xKfzHeIV6nJGGz98uCPfeXI1ELMLXVeKYZ9m15fAMSaUPBHYLGFsVRcMmSCksQOrZV9BYA==",
      "dev": true,
      "license": "MIT",
      "dependencies": {
        "undici-types": "~7.16.0"
      }
    },
    "node_modules/@vercel/ncc": {
      "version": "0.38.3",
      "resolved": "https://registry.npmjs.org/@vercel/ncc/-/ncc-0.38.3.tgz",
      "integrity": "sha512-rnK6hJBS6mwc+Bkab+PGPs9OiS0i/3kdTO+CkI8V0/VrW3vmz7O2Pxjw/owOlmo6PKEIxRSeZKv/kuL9itnpYA==",
      "dev": true,
      "license": "MIT",
      "bin": {
        "ncc": "dist/ncc/cli.js"
      }
    },
    "node_modules/before-after-hook": {
      "version": "2.2.3",
      "resolved": "https://registry.npmjs.org/before-after-hook/-/before-after-hook-2.2.3.tgz",
      "integrity": "sha512-NzUnlZexiaH/46WDhANlyR2bXRopNg4F/zuSA3OpZnllCUgRaOF2znDioDWrmbNVsuZk6l9pMquQB38cfBZwkQ==",
      "license": "Apache-2.0"
    },
    "node_modules/deploy": {
      "resolved": "deploy",
      "link": true
    },
    "node_modules/deprecation": {
      "version": "2.3.1",
      "resolved": "https://registry.npmjs.org/deprecation/-/deprecation-2.3.1.tgz",
      "integrity": "sha512-xmHIy4F3scKVwMsQ4WnVaS8bHOx0DmVwRywosKhaILI0ywMDWPtBSku2HNxRvF7jtwDRsoEwYQSfbxj8b7RlJQ==",
      "license": "ISC"
    },
    "node_modules/once": {
      "version": "1.4.0",
      "resolved": "https://registry.npmjs.org/once/-/once-1.4.0.tgz",
      "integrity": "sha512-lNaJgI+2Q5URQBkccEKHTQOPaXdUxnZZElQTZY0MFUAuaEqe1E+Nyvgdz/aIyNi6Z9MzO5dv1H8n58/GELp3+w==",
      "license": "ISC",
      "dependencies": {
        "wrappy": "1"
      }
    },
    "node_modules/tunnel": {
      "version": "0.0.6",
      "resolved": "https://registry.npmjs.org/tunnel/-/tunnel-0.0.6.tgz",
      "integrity": "sha512-1h/Lnq9yajKY2PEbBadPXj3VxsDDu844OnaAo52UVmIzIvwwtBPIuNvkjuzBlTWpfJyUbG3ez0KSBibQkj4ojg==",
      "license": "MIT",
      "engines": {
        "node": ">=0.6.11 <=0.7.0 || >=0.7.3"
      }
    },
    "node_modules/typescript": {
      "version": "5.8.3",
      "resolved": "https://registry.npmjs.org/typescript/-/typescript-5.8.3.tgz",
      "integrity": "sha512-p1diW6TqL9L07nNxvRMM7hMMw4c5XOo/1ibL4aAIGmSAt9slTE1Xgw5KWuof2uTOvCg9BY7ZRi+GaF+7sfgPeQ==",
      "dev": true,
      "license": "Apache-2.0",
      "bin": {
        "tsc": "bin/tsc",
        "tsserver": "bin/tsserver"
      },
      "engines": {
        "node": ">=14.17"
      }
    },
    "node_modules/undici": {
      "version": "5.29.0",
      "resolved": "https://registry.npmjs.org/undici/-/undici-5.29.0.tgz",
      "integrity": "sha512-raqeBD6NQK4SkWhQzeYKd1KmIG6dllBOTt55Rmkt4HtI9mwdWtJljnrXjAFUBLTSN67HWrOIZ3EPF4kjUw80Bg==",
      "license": "MIT",
      "dependencies": {
        "@fastify/busboy": "^2.0.0"
      },
      "engines": {
        "node": ">=14.0"
      }
    },
    "node_modules/undici-types": {
      "version": "7.16.0",
      "resolved": "https://registry.npmjs.org/undici-types/-/undici-types-7.16.0.tgz",
      "integrity": "sha512-Zz+aZWSj8LE6zoxD+xrjh4VfkIG8Ya6LvYkZqtUQGJPZjYl53ypCaUwWqo7eI0x66KBGeRo+mlBEkMSeSZ38Nw==",
      "dev": true,
      "license": "MIT"
    },
    "node_modules/universal-user-agent": {
      "version": "6.0.1",
      "resolved": "https://registry.npmjs.org/universal-user-agent/-/universal-user-agent-6.0.1.tgz",
      "integrity": "sha512-yCzhz6FN2wU1NiiQRogkTQszlQSlpWaw8SvVegAc+bDxbzHgh1vX8uIe8OYyMH6DwH+sdTJsgMl36+mSMdRJIQ==",
      "license": "ISC"
    },
    "node_modules/wrappy": {
      "version": "1.0.2",
      "resolved": "https://registry.npmjs.org/wrappy/-/wrappy-1.0.2.tgz",
      "integrity": "sha512-l4Sp/DRseor9wL6EvV2+TuQn63dMkPjZ/sp9XkghTEbV9KlPS1xUsZ3u7/IQO4wxtcFB4bgpQPRcR3QCvezPcQ==",
      "license": "ISC"
    },
    "shared": {
      "name": "@local/shared",
      "version": "1.0.0",
      "extraneous": true,
      "dependencies": {
        "@actions/core": "^1.10.1",
        "@actions/github": "^6.0.1"
      },
      "devDependencies": {
        "typescript": "^5.0.0"
      }
    },
    "upsert-container": {
      "extraneous": true,
      "dependencies": {
        "@actions/core": "^1.10.1",
        "@actions/github": "^6.0.1",
        "@local/shared": "*"
      },
      "devDependencies": {
        "@vercel/ncc": "^0.38.1",
        "typescript": "^5.0.0"
      }
    }
  }
}
